# Code generated by scarb DO NOT EDIT.
version = 1

[[package]]
name = "cygnus"
version = "0.1.0"
dependencies = [
 "snforge_std",
]

[[package]]
name = "snforge_std"
version = "0.1.0"
source = "git+https://github.com/foundry-rs/starknet-foundry?tag=v0.13.0#99c2f9d33159988efd339bd969c78d82b0b4b6f7"
